PODS:
  - Capacitor (1.1.1):
    - CapacitorCordova (= 1.1.1)
  - CapacitorCordova (1.1.1)
  - CapacitorVideoPlayer (1.1.1):
    - Capacitor

DEPENDENCIES:
  - "Capacitor (from `../../node_modules/@capacitor/ios`)"
  - "CapacitorCordova (from `../../node_modules/@capacitor/ios`)"
  - CapacitorVideoPlayer (from `../../node_modules/capacitor-video-player`)

EXTERNAL SOURCES:
  Capacitor:
    :path: "../../node_modules/@capacitor/ios"
  CapacitorCordova:
    :path: "../../node_modules/@capacitor/ios"
  CapacitorVideoPlayer:
    :path: "../../node_modules/capacitor-video-player"

SPEC CHECKSUMS:
  Capacitor: f245413edff86ebf3d18bf76cadaee4be58b4a04
  CapacitorCordova: 25811fd90c0ea23ea135a42a217d1918873fa566
  CapacitorVideoPlayer: 29566dea8f3bede89942e63f415b7f6cf506fdd4

PODFILE CHECKSUM: cb42d3ab755b5b3abae7c27043c8d2a8a7d295b6

COCOAPODS: 1.7.2
